
Microsoft Visual Studio Solution File, Format Version 12.00
# Visual Studio 15
VisualStudioVersion = 15.0.28307.329
MinimumVisualStudioVersion = 10.0.40219.1
Project("{2150E333-8FDC-42A3-9474-1A3956D46DE8}") = "Solution Items", "Solution Items", "{C5C3EAAB-7DD8-4D6C-9E18-A75F37BF817B}"
	ProjectSection(SolutionItems) = preProject
		appveyor.yml = appveyor.yml
		LICENSE = LICENSE
		README.md = README.md
	EndProjectSection
EndProject
Project("{FAE04EC0-301F-11D3-BF4B-00C04F79EFBC}") = "Ocaramba.ProjectExample.NUnit.NetFramework", "Ocaramba.ProjectExample.NUnit.NetFramework\Ocaramba.ProjectExample.NUnit.NetFramework.csproj", "{BD3F9327-C8FA-4DA2-8BA8-BA9CCFA03B49}"
EndProject
Project("{FAE04EC0-301F-11D3-BF4B-00C04F79EFBC}") = "Ocaramba.ProjectExample.MsTest.NetFramework", "Ocaramba.ProjectExample.MsTest.NetFramework\Ocaramba.ProjectExample.MsTest.NetFramework.csproj", "{0706AE93-76DA-43AF-8117-A8BD4A346A93}"
EndProject
Project("{FAE04EC0-301F-11D3-BF4B-00C04F79EFBC}") = "Ocaramba.Templates", "Ocaramba.Templates.VSIX\Ocaramba.Templates.csproj", "{05AB4DB9-1DC9-460A-804E-6ACDB04BD938}"
EndProject
Project("{FAE04EC0-301F-11D3-BF4B-00C04F79EFBC}") = "Ocaramba.ProjectExample.NUnit.NetCore", "Ocaramba.ProjectExample.NUnit.NetCore\Ocaramba.ProjectExample.NUnit.NetCore.csproj", "{53EFEAAC-6775-486A-A476-AA47B1C353DB}"
EndProject
Project("{FAE04EC0-301F-11D3-BF4B-00C04F79EFBC}") = "Ocaramba.PageObject.Class.Template", "Ocaramba.PageObjectClassTemplate\Ocaramba.PageObject.Class.Template.csproj", "{ADD3EA19-5FDF-411F-B1B6-00D733E6EB02}"
EndProject
Project("{FAE04EC0-301F-11D3-BF4B-00C04F79EFBC}") = "Ocaramba.TestNunit.Class.Template", "Ocaramba.TestNunit.Class.Template\Ocaramba.TestNunit.Class.Template.csproj", "{BB31ED7A-719A-48A3-9204-55AACA222997}"
EndProject
Global
	GlobalSection(SolutionConfigurationPlatforms) = preSolution
		Debug|Any CPU = Debug|Any CPU
		Release|Any CPU = Release|Any CPU
	EndGlobalSection
	GlobalSection(ProjectConfigurationPlatforms) = postSolution
		{BD3F9327-C8FA-4DA2-8BA8-BA9CCFA03B49}.Debug|Any CPU.ActiveCfg = Debug|Any CPU
		{BD3F9327-C8FA-4DA2-8BA8-BA9CCFA03B49}.Debug|Any CPU.Build.0 = Debug|Any CPU
		{BD3F9327-C8FA-4DA2-8BA8-BA9CCFA03B49}.Release|Any CPU.ActiveCfg = Release|Any CPU
		{BD3F9327-C8FA-4DA2-8BA8-BA9CCFA03B49}.Release|Any CPU.Build.0 = Release|Any CPU
		{0706AE93-76DA-43AF-8117-A8BD4A346A93}.Debug|Any CPU.ActiveCfg = Debug|Any CPU
		{0706AE93-76DA-43AF-8117-A8BD4A346A93}.Debug|Any CPU.Build.0 = Debug|Any CPU
		{0706AE93-76DA-43AF-8117-A8BD4A346A93}.Release|Any CPU.ActiveCfg = Release|Any CPU
		{0706AE93-76DA-43AF-8117-A8BD4A346A93}.Release|Any CPU.Build.0 = Release|Any CPU
		{05AB4DB9-1DC9-460A-804E-6ACDB04BD938}.Debug|Any CPU.ActiveCfg = Debug|Any CPU
		{05AB4DB9-1DC9-460A-804E-6ACDB04BD938}.Debug|Any CPU.Build.0 = Debug|Any CPU
		{05AB4DB9-1DC9-460A-804E-6ACDB04BD938}.Release|Any CPU.ActiveCfg = Release|Any CPU
		{05AB4DB9-1DC9-460A-804E-6ACDB04BD938}.Release|Any CPU.Build.0 = Release|Any CPU
		{53EFEAAC-6775-486A-A476-AA47B1C353DB}.Debug|Any CPU.ActiveCfg = Debug|Any CPU
		{53EFEAAC-6775-486A-A476-AA47B1C353DB}.Debug|Any CPU.Build.0 = Debug|Any CPU
		{53EFEAAC-6775-486A-A476-AA47B1C353DB}.Release|Any CPU.ActiveCfg = Release|Any CPU
		{53EFEAAC-6775-486A-A476-AA47B1C353DB}.Release|Any CPU.Build.0 = Release|Any CPU
		{ADD3EA19-5FDF-411F-B1B6-00D733E6EB02}.Debug|Any CPU.ActiveCfg = Debug|Any CPU
		{ADD3EA19-5FDF-411F-B1B6-00D733E6EB02}.Debug|Any CPU.Build.0 = Debug|Any CPU
		{ADD3EA19-5FDF-411F-B1B6-00D733E6EB02}.Release|Any CPU.ActiveCfg = Release|Any CPU
		{ADD3EA19-5FDF-411F-B1B6-00D733E6EB02}.Release|Any CPU.Build.0 = Release|Any CPU
		{BB31ED7A-719A-48A3-9204-55AACA222997}.Debug|Any CPU.ActiveCfg = Debug|Any CPU
		{BB31ED7A-719A-48A3-9204-55AACA222997}.Debug|Any CPU.Build.0 = Debug|Any CPU
		{BB31ED7A-719A-48A3-9204-55AACA222997}.Release|Any CPU.ActiveCfg = Release|Any CPU
		{BB31ED7A-719A-48A3-9204-55AACA222997}.Release|Any CPU.Build.0 = Release|Any CPU
	EndGlobalSection
	GlobalSection(SolutionProperties) = preSolution
		HideSolutionNode = FALSE
	EndGlobalSection
	GlobalSection(ExtensibilityGlobals) = postSolution
		SolutionGuid = {69B487D0-B877-47F7-99DC-3273675F82AA}
	EndGlobalSection
EndGlobal
