
Microsoft Visual Studio Solution File, Format Version 12.00
# Visual Studio Version 16
VisualStudioVersion = 16.0.29102.190
MinimumVisualStudioVersion = 10.0.40219.1
Project("{9A19103F-16F7-4668-BE54-9A1E7A4F7556}") = "Ocaramba.ProjectExample.NUnit.NetCore", "Ocaramba.ProjectExample.NUnit.NetCore\Ocaramba.ProjectExample.NUnit.NetCore.csproj", "{E56D131D-CEC3-4CD1-A346-7E7FB78720CB}"
EndProject
Project("{FAE04EC0-301F-11D3-BF4B-00C04F79EFBC}") = "Ocaramba.ProjectExample.NUnit.NetFramework", "Ocaramba.ProjectExample.NUnit.NetFramework\Ocaramba.ProjectExample.NUnit.NetFramework.csproj", "{2C2432A2-C8F4-4ABC-BF7A-0DBD89C9746F}"
EndProject
Project("{2150E333-8FDC-42A3-9474-1A3956D46DE8}") = "Solution Items", "Solution Items", "{C5C3EAAB-7DD8-4D6C-9E18-A75F37BF817B}"
	ProjectSection(SolutionItems) = preProject
		appveyor.yml = appveyor.yml
		LICENSE = LICENSE
		README.md = README.md
	EndProjectSection
EndProject
Project("{FAE04EC0-301F-11D3-BF4B-00C04F79EFBC}") = "OcarambaTemplatesVSIX", "OcarambaTemplatesVSIX\OcarambaTemplatesVSIX.csproj", "{05AB4DB9-1DC9-460A-804E-6ACDB04BD938}"
EndProject
Project("{FAE04EC0-301F-11D3-BF4B-00C04F79EFBC}") = "Ocaramba.ProjectExample.MsTest.NetFramework", "Ocaramba.ProjectExample.MsTest.NetFramework\Ocaramba.ProjectExample.MsTest.NetFramework.csproj", "{09576CA0-B1D6-4D81-9A47-E9ADE6018423}"
EndProject
Global
	GlobalSection(SolutionConfigurationPlatforms) = preSolution
		Debug|Any CPU = Debug|Any CPU
		Release|Any CPU = Release|Any CPU
	EndGlobalSection
	GlobalSection(ProjectConfigurationPlatforms) = postSolution
		{E56D131D-CEC3-4CD1-A346-7E7FB78720CB}.Debug|Any CPU.ActiveCfg = Debug|Any CPU
		{E56D131D-CEC3-4CD1-A346-7E7FB78720CB}.Debug|Any CPU.Build.0 = Debug|Any CPU
		{E56D131D-CEC3-4CD1-A346-7E7FB78720CB}.Release|Any CPU.ActiveCfg = Release|Any CPU
		{E56D131D-CEC3-4CD1-A346-7E7FB78720CB}.Release|Any CPU.Build.0 = Release|Any CPU
		{2C2432A2-C8F4-4ABC-BF7A-0DBD89C9746F}.Debug|Any CPU.ActiveCfg = Debug|Any CPU
		{2C2432A2-C8F4-4ABC-BF7A-0DBD89C9746F}.Debug|Any CPU.Build.0 = Debug|Any CPU
		{2C2432A2-C8F4-4ABC-BF7A-0DBD89C9746F}.Release|Any CPU.ActiveCfg = Release|Any CPU
		{2C2432A2-C8F4-4ABC-BF7A-0DBD89C9746F}.Release|Any CPU.Build.0 = Release|Any CPU
		{05AB4DB9-1DC9-460A-804E-6ACDB04BD938}.Debug|Any CPU.ActiveCfg = Debug|Any CPU
		{05AB4DB9-1DC9-460A-804E-6ACDB04BD938}.Debug|Any CPU.Build.0 = Debug|Any CPU
		{05AB4DB9-1DC9-460A-804E-6ACDB04BD938}.Release|Any CPU.ActiveCfg = Release|Any CPU
		{05AB4DB9-1DC9-460A-804E-6ACDB04BD938}.Release|Any CPU.Build.0 = Release|Any CPU
		{09576CA0-B1D6-4D81-9A47-E9ADE6018423}.Debug|Any CPU.ActiveCfg = Debug|Any CPU
		{09576CA0-B1D6-4D81-9A47-E9ADE6018423}.Debug|Any CPU.Build.0 = Debug|Any CPU
		{09576CA0-B1D6-4D81-9A47-E9ADE6018423}.Release|Any CPU.ActiveCfg = Release|Any CPU
		{09576CA0-B1D6-4D81-9A47-E9ADE6018423}.Release|Any CPU.Build.0 = Release|Any CPU
	EndGlobalSection
	GlobalSection(SolutionProperties) = preSolution
		HideSolutionNode = FALSE
	EndGlobalSection
	GlobalSection(ExtensibilityGlobals) = postSolution
		SolutionGuid = {69B487D0-B877-47F7-99DC-3273675F82AA}
	EndGlobalSection
EndGlobal
